// !$*UTF8*$!
{
	archiveVersion = 1;
	classes = {
	};
	objectVersion = 77;
	objects = {

/* Begin PBXBuildFile section */
		930907242EFDAAB300FD7FB5 /* UserListView.swift in Sources */ = {isa = PBXBuildFile; fileRef = 930907232EFDAAB300FD7FB5 /* UserListView.swift */; };
		9316D4D52EFEA5F80003D9ED /* ChatApp.xcdatamodeld in Sources */ = {isa = PBXBuildFile; fileRef = 9316D4D02EFEA5F80003D9ED /* ChatApp.xcdatamodeld */; };
		9316D4D62EFEA5F80003D9ED /* ChatAppApp.swift in Sources */ = {isa = PBXBuildFile; fileRef = 9316D4D12EFEA5F80003D9ED /* ChatAppApp.swift */; };
		9316D4D82EFEA5F80003D9ED /* Assets.xcassets in Resources */ = {isa = PBXBuildFile; fileRef = 9316D4CF2EFEA5F80003D9ED /* Assets.xcassets */; };
		9316D4DB2EFEA64E0003D9ED /* User.swift in Sources */ = {isa = PBXBuildFile; fileRef = 9316D4DA2EFEA64E0003D9ED /* User.swift */; };
		9316D4DD2EFEA6730003D9ED /* Post.swift in Sources */ = {isa = PBXBuildFile; fileRef = 9316D4DC2EFEA6730003D9ED /* Post.swift */; };
		9316D4DF2EFEA6900003D9ED /* Comment.swift in Sources */ = {isa = PBXBuildFile; fileRef = 9316D4DE2EFEA6900003D9ED /* Comment.swift */; };
		9316D4E22EFEA6900003D9ED /* APIEndpoint.swift in Sources */ = {isa = PBXBuildFile; fileRef = 9316D4E12EFEA6900003D9ED /* APIEndpoint.swift */; };
		9316D4E52EFEA6900003D9ED /* ContentViewModel.swift in Sources */ = {isa = PBXBuildFile; fileRef = 9316D4E42EFEA6900003D9ED /* ContentViewModel.swift */; };
		93C9E7AB2EFD70D900E9C29A /* CoreDataSettings.swift in Sources */ = {isa = PBXBuildFile; fileRef = 93C9E7AA2EFD70D900E9C29A /* CoreDataSettings.swift */; };
		93C9E7B12EFD7F3100E9C29A /* HorizontalDividerComponent.swift in Sources */ = {isa = PBXBuildFile; fileRef = 93C9E7B02EFD7F3100E9C29A /* HorizontalDividerComponent.swift */; };
		93C9E7B52EFD7FA500E9C29A /* DescriptionCardComponent.swift in Sources */ = {isa = PBXBuildFile; fileRef = 93C9E7B42EFD7FA500E9C29A /* DescriptionCardComponent.swift */; };
		93C9E7B72EFD81DF00E9C29A /* ColorEnum.swift in Sources */ = {isa = PBXBuildFile; fileRef = 93C9E7B62EFD81DF00E9C29A /* ColorEnum.swift */; };
		93C9E7BA2EFD825700E9C29A /* TopBarNavigationComponent.swift in Sources */ = {isa = PBXBuildFile; fileRef = 93C9E7B92EFD825700E9C29A /* TopBarNavigationComponent.swift */; };
		93C9E7BC2EFD843000E9C29A /* PostListView.swift in Sources */ = {isa = PBXBuildFile; fileRef = 93C9E7BB2EFD843000E9C29A /* PostListView.swift */; };
		93C9E7BE2EFD84D900E9C29A /* SinglePostView.swift in Sources */ = {isa = PBXBuildFile; fileRef = 93C9E7BD2EFD84D900E9C29A /* SinglePostView.swift */; };
/* End PBXBuildFile section */

/* Begin PBXFileReference section */
		930907232EFDAAB300FD7FB5 /* UserListView.swift */ = {isa = PBXFileReference; lastKnownFileType = sourcecode.swift; path = UserListView.swift; sourceTree = "<group>"; };
		9316D4BC2EFEA19C0003D9ED /* ChatApp.app */ = {isa = PBXFileReference; explicitFileType = wrapper.application; includeInIndex = 0; path = ChatApp.app; sourceTree = BUILT_PRODUCTS_DIR; };
		9316D4CF2EFEA5F80003D9ED /* Assets.xcassets */ = {isa = PBXFileReference; lastKnownFileType = folder.assetcatalog; path = Assets.xcassets; sourceTree = "<group>"; };
		9316D4D12EFEA5F80003D9ED /* ChatAppApp.swift */ = {isa = PBXFileReference; lastKnownFileType = sourcecode.swift; path = ChatAppApp.swift; sourceTree = "<group>"; };
		9316D4D42EFEA5F80003D9ED /* ChatApp.xcdatamodel */ = {isa = PBXFileReference; lastKnownFileType = wrapper.xcdatamodel; path = ChatApp.xcdatamodel; sourceTree = "<group>"; };
		9316D4DA2EFEA64E0003D9ED /* User.swift */ = {isa = PBXFileReference; lastKnownFileType = sourcecode.swift; path = User.swift; sourceTree = "<group>"; };
		9316D4DC2EFEA6730003D9ED /* Post.swift */ = {isa = PBXFileReference; lastKnownFileType = sourcecode.swift; path = Post.swift; sourceTree = "<group>"; };
		9316D4DE2EFEA6900003D9ED /* Comment.swift */ = {isa = PBXFileReference; lastKnownFileType = sourcecode.swift; path = Comment.swift; sourceTree = "<group>"; };
		9316D4E12EFEA6900003D9ED /* APIEndpoint.swift */ = {isa = PBXFileReference; lastKnownFileType = sourcecode.swift; path = APIEndpoint.swift; sourceTree = "<group>"; };
		9316D4E42EFEA6900003D9ED /* ContentViewModel.swift */ = {isa = PBXFileReference; lastKnownFileType = sourcecode.swift; path = ContentViewModel.swift; sourceTree = "<group>"; };
		93C9E7AA2EFD70D900E9C29A /* CoreDataSettings.swift */ = {isa = PBXFileReference; lastKnownFileType = sourcecode.swift; path = CoreDataSettings.swift; sourceTree = "<group>"; };
		93C9E7B02EFD7F3100E9C29A /* HorizontalDividerComponent.swift */ = {isa = PBXFileReference; lastKnownFileType = sourcecode.swift; path = HorizontalDividerComponent.swift; sourceTree = "<group>"; };
		93C9E7B42EFD7FA500E9C29A /* DescriptionCardComponent.swift */ = {isa = PBXFileReference; lastKnownFileType = sourcecode.swift; path = DescriptionCardComponent.swift; sourceTree = "<group>"; };
		93C9E7B62EFD81DF00E9C29A /* ColorEnum.swift */ = {isa = PBXFileReference; lastKnownFileType = sourcecode.swift; path = ColorEnum.swift; sourceTree = "<group>"; };
		93C9E7B92EFD825700E9C29A /* TopBarNavigationComponent.swift */ = {isa = PBXFileReference; lastKnownFileType = sourcecode.swift; path = TopBarNavigationComponent.swift; sourceTree = "<group>"; };
		93C9E7BB2EFD843000E9C29A /* PostListView.swift */ = {isa = PBXFileReference; lastKnownFileType = sourcecode.swift; path = PostListView.swift; sourceTree = "<group>"; };
		93C9E7BD2EFD84D900E9C29A /* SinglePostView.swift */ = {isa = PBXFileReference; lastKnownFileType = sourcecode.swift; path = SinglePostView.swift; sourceTree = "<group>"; };
/* End PBXFileReference section */

/* Begin PBXFrameworksBuildPhase section */
		9316D4B92EFEA19C0003D9ED /* Frameworks */ = {
			isa = PBXFrameworksBuildPhase;
			buildActionMask = 2147483647;
			files = (
			);
			runOnlyForDeploymentPostprocessing = 0;
		};
/* End PBXFrameworksBuildPhase section */

/* Begin PBXGroup section */
		9316D4B32EFEA19C0003D9ED = {
			isa = PBXGroup;
			children = (
				9316D4D32EFEA5F80003D9ED /* ChatApp */,
				9316D4BD2EFEA19C0003D9ED /* Products */,
			);
			sourceTree = "<group>";
		};
		9316D4BD2EFEA19C0003D9ED /* Products */ = {
			isa = PBXGroup;
			children = (
				9316D4BC2EFEA19C0003D9ED /* ChatApp.app */,
			);
			name = Products;
			sourceTree = "<group>";
		};
		9316D4D32EFEA5F80003D9ED /* ChatApp */ = {
			isa = PBXGroup;
			children = (
				93C9E7AC2EFD7EC200E9C29A /* View */,
				9316D4E62EFEA6900003D9ED /* CoreData */,
				9316D4E32EFEA6900003D9ED /* ViewModel */,
				9316D4E02EFEA6900003D9ED /* API */,
				9316D4D92EFEA6200003D9ED /* Model */,
				9316D4CF2EFEA5F80003D9ED /* Assets.xcassets */,
				9316D4D02EFEA5F80003D9ED /* ChatApp.xcdatamodeld */,
				9316D4D12EFEA5F80003D9ED /* ChatAppApp.swift */,
			);
			path = ChatApp;
			sourceTree = "<group>";
		};
		9316D4D92EFEA6200003D9ED /* Model */ = {
			isa = PBXGroup;
			children = (
				93C9E7B82EFD81EC00E9C29A /* EnumModel */,
				9316D4DA2EFEA64E0003D9ED /* User.swift */,
				9316D4DC2EFEA6730003D9ED /* Post.swift */,
				9316D4DE2EFEA6900003D9ED /* Comment.swift */,
			);
			path = Model;
			sourceTree = "<group>";
		};
		9316D4E02EFEA6900003D9ED /* API */ = {
			isa = PBXGroup;
			children = (
				9316D4E12EFEA6900003D9ED /* APIEndpoint.swift */,
			);
			path = API;
			sourceTree = "<group>";
		};
		9316D4E32EFEA6900003D9ED /* ViewModel */ = {
			isa = PBXGroup;
			children = (
				9316D4E42EFEA6900003D9ED /* ContentViewModel.swift */,
			);
			path = ViewModel;
			sourceTree = "<group>";
		};
		9316D4E62EFEA6900003D9ED /* CoreData */ = {
			isa = PBXGroup;
			children = (
				93C9E7AA2EFD70D900E9C29A /* CoreDataSettings.swift */,
			);
			path = CoreData;
			sourceTree = "<group>";
		};
		93C9E7AC2EFD7EC200E9C29A /* View */ = {
			isa = PBXGroup;
			children = (
				93C9E7AD2EFD7EC600E9C29A /* Component */,
				93C9E7BB2EFD843000E9C29A /* PostListView.swift */,
				93C9E7BD2EFD84D900E9C29A /* SinglePostView.swift */,
				930907232EFDAAB300FD7FB5 /* UserListView.swift */,
			);
			path = View;
			sourceTree = "<group>";
		};
		93C9E7AD2EFD7EC600E9C29A /* Component */ = {
			isa = PBXGroup;
			children = (
				93C9E7B02EFD7F3100E9C29A /* HorizontalDividerComponent.swift */,
				93C9E7B42EFD7FA500E9C29A /* DescriptionCardComponent.swift */,
				93C9E7B92EFD825700E9C29A /* TopBarNavigationComponent.swift */,
			);
			path = Component;
			sourceTree = "<group>";
		};
		93C9E7B82EFD81EC00E9C29A /* EnumModel */ = {
			isa = PBXGroup;
			children = (
				93C9E7B62EFD81DF00E9C29A /* ColorEnum.swift */,
			);
			path = EnumModel;
			sourceTree = "<group>";
		};
/* End PBXGroup section */

/* Begin PBXNativeTarget section */
		9316D4BB2EFEA19C0003D9ED /* ChatApp */ = {
			isa = PBXNativeTarget;
			buildConfigurationList = 9316D4CC2EFEA19E0003D9ED /* Build configuration list for PBXNativeTarget "ChatApp" */;
			buildPhases = (
				9316D4B82EFEA19C0003D9ED /* Sources */,
				9316D4B92EFEA19C0003D9ED /* Frameworks */,
				9316D4BA2EFEA19C0003D9ED /* Resources */,
			);
			buildRules = (
			);
			dependencies = (
			);
			name = ChatApp;
			packageProductDependencies = (
			);
			productName = ChatApp;
			productReference = 9316D4BC2EFEA19C0003D9ED /* ChatApp.app */;
			productType = "com.apple.product-type.application";
		};
/* End PBXNativeTarget section */

/* Begin PBXProject section */
		9316D4B42EFEA19C0003D9ED /* Project object */ = {
			isa = PBXProject;
			attributes = {
				BuildIndependentTargetsInParallel = 1;
				LastSwiftUpdateCheck = 1630;
				LastUpgradeCheck = 1630;
				TargetAttributes = {
					9316D4BB2EFEA19C0003D9ED = {
						CreatedOnToolsVersion = 16.3;
					};
				};
			};
			buildConfigurationList = 9316D4B72EFEA19C0003D9ED /* Build configuration list for PBXProject "ChatApp" */;
			developmentRegion = en;
			hasScannedForEncodings = 0;
			knownRegions = (
				en,
				Base,
			);
			mainGroup = 9316D4B32EFEA19C0003D9ED;
			minimizedProjectReferenceProxies = 1;
			preferredProjectObjectVersion = 77;
			productRefGroup = 9316D4BD2EFEA19C0003D9ED /* Products */;
			projectDirPath = "";
			projectRoot = "";
			targets = (
				9316D4BB2EFEA19C0003D9ED /* ChatApp */,
			);
		};
/* End PBXProject section */

/* Begin PBXResourcesBuildPhase section */
		9316D4BA2EFEA19C0003D9ED /* Resources */ = {
			isa = PBXResourcesBuildPhase;
			buildActionMask = 2147483647;
			files = (
				9316D4D82EFEA5F80003D9ED /* Assets.xcassets in Resources */,
			);
			runOnlyForDeploymentPostprocessing = 0;
		};
/* End PBXResourcesBuildPhase section */

/* Begin PBXSourcesBuildPhase section */
		9316D4B82EFEA19C0003D9ED /* Sources */ = {
			isa = PBXSourcesBuildPhase;
			buildActionMask = 2147483647;
			files = (
				93C9E7BC2EFD843000E9C29A /* PostListView.swift in Sources */,
				930907242EFDAAB300FD7FB5 /* UserListView.swift in Sources */,
				9316D4E52EFEA6900003D9ED /* ContentViewModel.swift in Sources */,
				9316D4E22EFEA6900003D9ED /* APIEndpoint.swift in Sources */,
				93C9E7BE2EFD84D900E9C29A /* SinglePostView.swift in Sources */,
				9316D4DB2EFEA64E0003D9ED /* User.swift in Sources */,
				93C9E7BA2EFD825700E9C29A /* TopBarNavigationComponent.swift in Sources */,
				9316D4DF2EFEA6900003D9ED /* Comment.swift in Sources */,
				93C9E7B12EFD7F3100E9C29A /* HorizontalDividerComponent.swift in Sources */,
				9316D4D52EFEA5F80003D9ED /* ChatApp.xcdatamodeld in Sources */,
				93C9E7B52EFD7FA500E9C29A /* DescriptionCardComponent.swift in Sources */,
				9316D4D62EFEA5F80003D9ED /* ChatAppApp.swift in Sources */,
				93C9E7B72EFD81DF00E9C29A /* ColorEnum.swift in Sources */,
				9316D4DD2EFEA6730003D9ED /* Post.swift in Sources */,
				93C9E7AB2EFD70D900E9C29A /* CoreDataSettings.swift in Sources */,
			);
			runOnlyForDeploymentPostprocessing = 0;
		};
/* End PBXSourcesBuildPhase section */

/* Begin XCBuildConfiguration section */
		9316D4CA2EFEA19E0003D9ED /* Debug */ = {
			isa = XCBuildConfiguration;
			buildSettings = {
				ALWAYS_SEARCH_USER_PATHS = NO;
				ASSETCATALOG_COMPILER_GENERATE_SWIFT_ASSET_SYMBOL_EXTENSIONS = YES;
				CLANG_ANALYZER_NONNULL = YES;
				CLANG_ANALYZER_NUMBER_OBJECT_CONVERSION = YES_AGGRESSIVE;
				CLANG_CXX_LANGUAGE_STANDARD = "gnu++20";
				CLANG_ENABLE_MODULES = YES;
				CLANG_ENABLE_OBJC_ARC = YES;
				CLANG_ENABLE_OBJC_WEAK = YES;
				CLANG_WARN_BLOCK_CAPTURE_AUTORELEASING = YES;
				CLANG_WARN_BOOL_CONVERSION = YES;
				CLANG_WARN_COMMA = YES;
				CLANG_WARN_CONSTANT_CONVERSION = YES;
				CLANG_WARN_DEPRECATED_OBJC_IMPLEMENTATIONS = YES;
				CLANG_WARN_DIRECT_OBJC_ISA_USAGE = YES_ERROR;
				CLANG_WARN_DOCUMENTATION_COMMENTS = YES;
				CLANG_WARN_EMPTY_BODY = YES;
				CLANG_WARN_ENUM_CONVERSION = YES;
				CLANG_WARN_INFINITE_RECURSION = YES;
				CLANG_WARN_INT_CONVERSION = YES;
				CLANG_WARN_NON_LITERAL_NULL_CONVERSION = YES;
				CLANG_WARN_OBJC_IMPLICIT_RETAIN_SELF = YES;
				CLANG_WARN_OBJC_LITERAL_CONVERSION = YES;
				CLANG_WARN_OBJC_ROOT_CLASS = YES_ERROR;
				CLANG_WARN_QUOTED_INCLUDE_IN_FRAMEWORK_HEADER = YES;
				CLANG_WARN_RANGE_LOOP_ANALYSIS = YES;
				CLANG_WARN_STRICT_PROTOTYPES = YES;
				CLANG_WARN_SUSPICIOUS_MOVE = YES;
				CLANG_WARN_UNGUARDED_AVAILABILITY = YES_AGGRESSIVE;
				CLANG_WARN_UNREACHABLE_CODE = YES;
				CLANG_WARN__DUPLICATE_METHOD_MATCH = YES;
				COPY_PHASE_STRIP = NO;
				DEBUG_INFORMATION_FORMAT = dwarf;
				DEVELOPMENT_TEAM = 665W8JZLV8;
				ENABLE_STRICT_OBJC_MSGSEND = YES;
				ENABLE_TESTABILITY = YES;
				ENABLE_USER_SCRIPT_SANDBOXING = YES;
				GCC_C_LANGUAGE_STANDARD = gnu17;
				GCC_DYNAMIC_NO_PIC = NO;
				GCC_NO_COMMON_BLOCKS = YES;
				GCC_OPTIMIZATION_LEVEL = 0;
				GCC_PREPROCESSOR_DEFINITIONS = (
					"DEBUG=1",
					"$(inherited)",
				);
				GCC_WARN_64_TO_32_BIT_CONVERSION = YES;
				GCC_WARN_ABOUT_RETURN_TYPE = YES_ERROR;
				GCC_WARN_UNDECLARED_SELECTOR = YES;
				GCC_WARN_UNINITIALIZED_AUTOS = YES_AGGRESSIVE;
				GCC_WARN_UNUSED_FUNCTION = YES;
				GCC_WARN_UNUSED_VARIABLE = YES;
				IPHONEOS_DEPLOYMENT_TARGET = 18.4;
				LOCALIZATION_PREFERS_STRING_CATALOGS = YES;
				MTL_ENABLE_DEBUG_INFO = INCLUDE_SOURCE;
				MTL_FAST_MATH = YES;
				ONLY_ACTIVE_ARCH = YES;
				SDKROOT = iphoneos;
				SWIFT_ACTIVE_COMPILATION_CONDITIONS = "DEBUG $(inherited)";
				SWIFT_OPTIMIZATION_LEVEL = "-Onone";
			};
			name = Debug;
		};
		9316D4CB2EFEA19E0003D9ED /* Release */ = {
			isa = XCBuildConfiguration;
			buildSettings = {
				ALWAYS_SEARCH_USER_PATHS = NO;
				ASSETCATALOG_COMPILER_GENERATE_SWIFT_ASSET_SYMBOL_EXTENSIONS = YES;
				CLANG_ANALYZER_NONNULL = YES;
				CLANG_ANALYZER_NUMBER_OBJECT_CONVERSION = YES_AGGRESSIVE;
				CLANG_CXX_LANGUAGE_STANDARD = "gnu++20";
				CLANG_ENABLE_MODULES = YES;
				CLANG_ENABLE_OBJC_ARC = YES;
				CLANG_ENABLE_OBJC_WEAK = YES;
				CLANG_WARN_BLOCK_CAPTURE_AUTORELEASING = YES;
				CLANG_WARN_BOOL_CONVERSION = YES;
				CLANG_WARN_COMMA = YES;
				CLANG_WARN_CONSTANT_CONVERSION = YES;
				CLANG_WARN_DEPRECATED_OBJC_IMPLEMENTATIONS = YES;
				CLANG_WARN_DIRECT_OBJC_ISA_USAGE = YES_ERROR;
				CLANG_WARN_DOCUMENTATION_COMMENTS = YES;
				CLANG_WARN_EMPTY_BODY = YES;
				CLANG_WARN_ENUM_CONVERSION = YES;
				CLANG_WARN_INFINITE_RECURSION = YES;
				CLANG_WARN_INT_CONVERSION = YES;
				CLANG_WARN_NON_LITERAL_NULL_CONVERSION = YES;
				CLANG_WARN_OBJC_IMPLICIT_RETAIN_SELF = YES;
				CLANG_WARN_OBJC_LITERAL_CONVERSION = YES;
				CLANG_WARN_OBJC_ROOT_CLASS = YES_ERROR;
				CLANG_WARN_QUOTED_INCLUDE_IN_FRAMEWORK_HEADER = YES;
				CLANG_WARN_RANGE_LOOP_ANALYSIS = YES;
				CLANG_WARN_STRICT_PROTOTYPES = YES;
				CLANG_WARN_SUSPICIOUS_MOVE = YES;
				CLANG_WARN_UNGUARDED_AVAILABILITY = YES_AGGRESSIVE;
				CLANG_WARN_UNREACHABLE_CODE = YES;
				CLANG_WARN__DUPLICATE_METHOD_MATCH = YES;
				COPY_PHASE_STRIP = NO;
				DEBUG_INFORMATION_FORMAT = "dwarf-with-dsym";
				DEVELOPMENT_TEAM = 665W8JZLV8;
				ENABLE_NS_ASSERTIONS = NO;
				ENABLE_STRICT_OBJC_MSGSEND = YES;
				ENABLE_USER_SCRIPT_SANDBOXING = YES;
				GCC_C_LANGUAGE_STANDARD = gnu17;
				GCC_NO_COMMON_BLOCKS = YES;
				GCC_WARN_64_TO_32_BIT_CONVERSION = YES;
				GCC_WARN_ABOUT_RETURN_TYPE = YES_ERROR;
				GCC_WARN_UNDECLARED_SELECTOR = YES;
				GCC_WARN_UNINITIALIZED_AUTOS = YES_AGGRESSIVE;
				GCC_WARN_UNUSED_FUNCTION = YES;
				GCC_WARN_UNUSED_VARIABLE = YES;
				IPHONEOS_DEPLOYMENT_TARGET = 18.4;
				LOCALIZATION_PREFERS_STRING_CATALOGS = YES;
				MTL_ENABLE_DEBUG_INFO = NO;
				MTL_FAST_MATH = YES;
				SDKROOT = iphoneos;
				SWIFT_COMPILATION_MODE = wholemodule;
				VALIDATE_PRODUCT = YES;
			};
			name = Release;
		};
		9316D4CD2EFEA19E0003D9ED /* Debug */ = {
			isa = XCBuildConfiguration;
			buildSettings = {
				ASSETCATALOG_COMPILER_APPICON_NAME = AppIcon;
				ASSETCATALOG_COMPILER_GLOBAL_ACCENT_COLOR_NAME = AccentColor;
				CODE_SIGN_STYLE = Automatic;
				CURRENT_PROJECT_VERSION = 1;
				DEVELOPMENT_TEAM = 665W8JZLV8;
				ENABLE_PREVIEWS = YES;
				GENERATE_INFOPLIST_FILE = YES;
				INFOPLIST_KEY_UIApplicationSceneManifest_Generation = YES;
				INFOPLIST_KEY_UIApplicationSupportsIndirectInputEvents = YES;
				INFOPLIST_KEY_UILaunchScreen_Generation = YES;
				INFOPLIST_KEY_UISupportedInterfaceOrientations = UIInterfaceOrientationPortrait;
				IPHONEOS_DEPLOYMENT_TARGET = 15;
				LD_RUNPATH_SEARCH_PATHS = (
					"$(inherited)",
					"@executable_path/Frameworks",
				);
				MARKETING_VERSION = 1.0;
				PRODUCT_BUNDLE_IDENTIFIER = livita.ChatApp;
				PRODUCT_NAME = "$(TARGET_NAME)";
				SUPPORTED_PLATFORMS = "iphoneos iphonesimulator";
				SUPPORTS_MACCATALYST = NO;
				SUPPORTS_MAC_DESIGNED_FOR_IPHONE_IPAD = NO;
				SUPPORTS_XR_DESIGNED_FOR_IPHONE_IPAD = NO;
				SWIFT_EMIT_LOC_STRINGS = YES;
				SWIFT_VERSION = 5.0;
				TARGETED_DEVICE_FAMILY = "1,2";
			};
			name = Debug;
		};
		9316D4CE2EFEA19E0003D9ED /* Release */ = {
			isa = XCBuildConfiguration;
			buildSettings = {
				ASSETCATALOG_COMPILER_APPICON_NAME = AppIcon;
				ASSETCATALOG_COMPILER_GLOBAL_ACCENT_COLOR_NAME = AccentColor;
				CODE_SIGN_STYLE = Automatic;
				CURRENT_PROJECT_VERSION = 1;
				DEVELOPMENT_TEAM = 665W8JZLV8;
				ENABLE_PREVIEWS = YES;
				GENERATE_INFOPLIST_FILE = YES;
				INFOPLIST_KEY_UIApplicationSceneManifest_Generation = YES;
				INFOPLIST_KEY_UIApplicationSupportsIndirectInputEvents = YES;
				INFOPLIST_KEY_UILaunchScreen_Generation = YES;
				INFOPLIST_KEY_UISupportedInterfaceOrientations = UIInterfaceOrientationPortrait;
				IPHONEOS_DEPLOYMENT_TARGET = 15;
				LD_RUNPATH_SEARCH_PATHS = (
					"$(inherited)",
					"@executable_path/Frameworks",
				);
				MARKETING_VERSION = 1.0;
				PRODUCT_BUNDLE_IDENTIFIER = livita.ChatApp;
				PRODUCT_NAME = "$(TARGET_NAME)";
				SUPPORTED_PLATFORMS = "iphoneos iphonesimulator";
				SUPPORTS_MACCATALYST = NO;
				SUPPORTS_MAC_DESIGNED_FOR_IPHONE_IPAD = NO;
				SUPPORTS_XR_DESIGNED_FOR_IPHONE_IPAD = NO;
				SWIFT_EMIT_LOC_STRINGS = YES;
				SWIFT_VERSION = 5.0;
				TARGETED_DEVICE_FAMILY = "1,2";
			};
			name = Release;
		};
/* End XCBuildConfiguration section */

/* Begin XCConfigurationList section */
		9316D4B72EFEA19C0003D9ED /* Build configuration list for PBXProject "ChatApp" */ = {
			isa = XCConfigurationList;
			buildConfigurations = (
				9316D4CA2EFEA19E0003D9ED /* Debug */,
				9316D4CB2EFEA19E0003D9ED /* Release */,
			);
			defaultConfigurationIsVisible = 0;
			defaultConfigurationName = Release;
		};
		9316D4CC2EFEA19E0003D9ED /* Build configuration list for PBXNativeTarget "ChatApp" */ = {
			isa = XCConfigurationList;
			buildConfigurations = (
				9316D4CD2EFEA19E0003D9ED /* Debug */,
				9316D4CE2EFEA19E0003D9ED /* Release */,
			);
			defaultConfigurationIsVisible = 0;
			defaultConfigurationName = Release;
		};
/* End XCConfigurationList section */

/* Begin XCVersionGroup section */
		9316D4D02EFEA5F80003D9ED /* ChatApp.xcdatamodeld */ = {
			isa = XCVersionGroup;
			children = (
				9316D4D42EFEA5F80003D9ED /* ChatApp.xcdatamodel */,
			);
			currentVersion = 9316D4D42EFEA5F80003D9ED /* ChatApp.xcdatamodel */;
			path = ChatApp.xcdatamodeld;
			sourceTree = "<group>";
			versionGroupType = wrapper.xcdatamodel;
		};
/* End XCVersionGroup section */
	};
	rootObject = 9316D4B42EFEA19C0003D9ED /* Project object */;
}
